
Microsoft Visual Studio Solution File, Format Version 12.00
# Visual Studio Version 17
VisualStudioVersion = 17.10.35122.118
MinimumVisualStudioVersion = 10.0.40219.1
Project("{FAE04EC0-301F-11D3-BF4B-00C04F79EFBC}") = "APIChatGPT", "APIChatGPT.csproj", "{4027F89D-E3D0-47A2-88B6-B0BDB2831025}"
EndProject
Global
	GlobalSection(SolutionConfigurationPlatforms) = preSolution
		Debug|Any CPU = Debug|Any CPU
		Release|Any CPU = Release|Any CPU
	EndGlobalSection
	GlobalSection(ProjectConfigurationPlatforms) = postSolution
		{4027F89D-E3D0-47A2-88B6-B0BDB2831025}.Debug|Any CPU.ActiveCfg = Debug|Any CPU
		{4027F89D-E3D0-47A2-88B6-B0BDB2831025}.Debug|Any CPU.Build.0 = Debug|Any CPU
		{4027F89D-E3D0-47A2-88B6-B0BDB2831025}.Debug|Any CPU.Deploy.0 = Debug|Any CPU
		{4027F89D-E3D0-47A2-88B6-B0BDB2831025}.Release|Any CPU.ActiveCfg = Release|Any CPU
		{4027F89D-E3D0-47A2-88B6-B0BDB2831025}.Release|Any CPU.Build.0 = Release|Any CPU
		{4027F89D-E3D0-47A2-88B6-B0BDB2831025}.Release|Any CPU.Deploy.0 = Release|Any CPU
	EndGlobalSection
	GlobalSection(SolutionProperties) = preSolution
		HideSolutionNode = FALSE
	EndGlobalSection
	GlobalSection(ExtensibilityGlobals) = postSolution
		SolutionGuid = {253044E0-F893-45D5-BAF5-51744958E499}
	EndGlobalSection
EndGlobal
